lockfileVersion: '9.0'

settings:
  autoInstallPeers: true
  excludeLinksFromLockfile: false

importers:

  .:
    dependencies:
      '@vben/access':
        specifier: workspace:*
        version: link:../../packages/effects/access
      '@vben/common-ui':
        specifier: workspace:*
        version: link:../../packages/effects/common-ui
      '@vben/constants':
        specifier: workspace:*
        version: link:../../packages/constants
      '@vben/hooks':
        specifier: workspace:*
        version: link:../../packages/effects/hooks
      '@vben/icons':
        specifier: workspace:*
        version: link:../../packages/icons
      '@vben/layouts':
        specifier: workspace:*
        version: link:../../packages/effects/layouts
      '@vben/locales':
        specifier: workspace:*
        version: link:../../packages/locales
      '@vben/plugins':
        specifier: workspace:*
        version: link:../../packages/effects/plugins
      '@vben/preferences':
        specifier: workspace:*
        version: link:../../packages/preferences
      '@vben/request':
        specifier: workspace:*
        version: link:../../packages/effects/request
      '@vben/stores':
        specifier: workspace:*
        version: link:../../packages/stores
      '@vben/styles':
        specifier: workspace:*
        version: link:../../packages/styles
      '@vben/types':
        specifier: workspace:*
        version: link:../../packages/types
      '@vben/utils':
        specifier: workspace:*
        version: link:../../packages/utils
    devDependencies:
      vue-tsc:
        specifier: ^3.2.6
        version: 3.2.6(typescript@6.0.2)

packages:

  '@babel/helper-string-parser@7.27.1':
    resolution: {integrity: sha512-qMlSxKbpRlAridDExk92nSobyDdpPijUq2DW6oDnUqd0iOGxmQjyqhMIihI9+zv4LPyZdRje2cavWPbCbWm3eA==}
    engines: {node: '>=6.9.0'}

  '@babel/helper-validator-identifier@7.28.5':
    resolution: {integrity: sha512-qSs4ifwzKJSV39ucNjsvc6WVHs6b7S03sOh2OcHF9UHfVPqWWALUsNUVzhSBiItjRZoLHx7nIarVjqKVusUZ1Q==}
    engines: {node: '>=6.9.0'}

  '@babel/parser@7.29.2':
    resolution: {integrity: sha512-4GgRzy/+fsBa72/RZVJmGKPmZu9Byn8o4MoLpmNe1m8ZfYnz5emHLQz3U4gLud6Zwl0RZIcgiLD7Uq7ySFuDLA==}
    engines: {node: '>=6.0.0'}
    hasBin: true

  '@babel/types@7.29.0':
    resolution: {integrity: sha512-LwdZHpScM4Qz8Xw2iKSzS+cfglZzJGvofQICy7W7v4caru4EaAmyUuO6BGrbyQ2mYV11W0U8j5mBhd14dd3B0A==}
    engines: {node: '>=6.9.0'}

  '@volar/language-core@2.4.28':
    resolution: {integrity: sha512-w4qhIJ8ZSitgLAkVay6AbcnC7gP3glYM3fYwKV3srj8m494E3xtrCv6E+bWviiK/8hs6e6t1ij1s2Endql7vzQ==}

  '@volar/source-map@2.4.28':
    resolution: {integrity: sha512-yX2BDBqJkRXfKw8my8VarTyjv48QwxdJtvRgUpNE5erCsgEUdI2DsLbpa+rOQVAJYshY99szEcRDmyHbF10ggQ==}

  '@volar/typescript@2.4.28':
    resolution: {integrity: sha512-Ja6yvWrbis2QtN4ClAKreeUZPVYMARDYZl9LMEv1iQ1QdepB6wn0jTRxA9MftYmYa4DQ4k/DaSZpFPUfxl8giw==}

  '@vue/compiler-core@3.5.31':
    resolution: {integrity: sha512-k/ueL14aNIEy5Onf0OVzR8kiqF/WThgLdFhxwa4e/KF/0qe38IwIdofoSWBTvvxQOesaz6riAFAUaYjoF9fLLQ==}

  '@vue/compiler-dom@3.5.31':
    resolution: {integrity: sha512-BMY/ozS/xxjYqRFL+tKdRpATJYDTTgWSo0+AJvJNg4ig+Hgb0dOsHPXvloHQ5hmlivUqw1Yt2pPIqp4e0v1GUw==}

  '@vue/language-core@3.2.6':
    resolution: {integrity: sha512-xYYYX3/aVup576tP/23sEUpgiEnujrENaoNRbaozC1/MA9I6EGFQRJb4xrt/MmUCAGlxTKL2RmT8JLTPqagCkg==}

  '@vue/shared@3.5.31':
    resolution: {integrity: sha512-nBxuiuS9Lj5bPkPbWogPUnjxxWpkRniX7e5UBQDWl6Fsf4roq9wwV+cR7ezQ4zXswNvPIlsdj1slcLB7XCsRAw==}

  alien-signals@3.1.2:
    resolution: {integrity: sha512-d9dYqZTS90WLiU0I5c6DHj/HcKkF8ZyGN3G5x8wSbslulz70KOxaqCT0hQCo9KOyhVqzqGojvNdJXoTumZOtcw==}

  entities@7.0.1:
    resolution: {integrity: sha512-TWrgLOFUQTH994YUyl1yT4uyavY5nNB5muff+RtWaqNVCAK408b5ZnnbNAUEWLTCpum9w6arT70i1XdQ4UeOPA==}
    engines: {node: '>=0.12'}

  estree-walker@2.0.2:
    resolution: {integrity: sha512-Rfkk/Mp/DL7JVje3u18FxFujQlTNR2q6QfMSMB7AvCBx91NGj/ba3kCfza0f6dVDbw7YlRf/nDrn7pQrCCyQ/w==}

  muggle-string@0.4.1:
    resolution: {integrity: sha512-VNTrAak/KhO2i8dqqnqnAHOa3cYBwXEZe9h+D5h/1ZqFSTEFHdM65lR7RoIqq3tBBYavsOXV84NoHXZ0AkPyqQ==}

  path-browserify@1.0.1:
    resolution: {integrity: sha512-b7uo2UCUOYZcnF/3ID0lulOJi/bafxa1xPe7ZPsammBSpjSWQkjNxlt635YGS2MiR9GjvuXCtz2emr3jbsz98g==}

  picomatch@4.0.4:
    resolution: {integrity: sha512-QP88BAKvMam/3NxH6vj2o21R6MjxZUAd6nlwAS/pnGvN9IVLocLHxGYIzFhg6fUQ+5th6P4dv4eW9jX3DSIj7A==}
    engines: {node: '>=12'}

  source-map-js@1.2.1:
    resolution: {integrity: sha512-UXWMKhLOwVKb728IUtQPXxfYU+usdybtUrK/8uGE8CQMvrhOpwvzDBwj0QhSL7MQc7vIsISBG8VQ8+IDQxpfQA==}
    engines: {node: '>=0.10.0'}

  typescript@6.0.2:
    resolution: {integrity: sha512-bGdAIrZ0wiGDo5l8c++HWtbaNCWTS4UTv7RaTH/ThVIgjkveJt83m74bBHMJkuCbslY8ixgLBVZJIOiQlQTjfQ==}
    engines: {node: '>=14.17'}
    hasBin: true

  vscode-uri@3.1.0:
    resolution: {integrity: sha512-/BpdSx+yCQGnCvecbyXdxHDkuk55/G3xwnC0GqY4gmQ3j+A+g8kzzgB4Nk/SINjqn6+waqw3EgbVF2QKExkRxQ==}

  vue-tsc@3.2.6:
    resolution: {integrity: sha512-gYW/kWI0XrwGzd0PKc7tVB/qpdeAkIZLNZb10/InizkQjHjnT8weZ/vBarZoj4kHKbUTZT/bAVgoOr8x4NsQ/Q==}
    hasBin: true
    peerDependencies:
      typescript: '>=5.0.0'

snapshots:

  '@babel/helper-string-parser@7.27.1': {}

  '@babel/helper-validator-identifier@7.28.5': {}

  '@babel/parser@7.29.2':
    dependencies:
      '@babel/types': 7.29.0

  '@babel/types@7.29.0':
    dependencies:
      '@babel/helper-string-parser': 7.27.1
      '@babel/helper-validator-identifier': 7.28.5

  '@volar/language-core@2.4.28':
    dependencies:
      '@volar/source-map': 2.4.28

  '@volar/source-map@2.4.28': {}

  '@volar/typescript@2.4.28':
    dependencies:
      '@volar/language-core': 2.4.28
      path-browserify: 1.0.1
      vscode-uri: 3.1.0

  '@vue/compiler-core@3.5.31':
    dependencies:
      '@babel/parser': 7.29.2
      '@vue/shared': 3.5.31
      entities: 7.0.1
      estree-walker: 2.0.2
      source-map-js: 1.2.1

  '@vue/compiler-dom@3.5.31':
    dependencies:
      '@vue/compiler-core': 3.5.31
      '@vue/shared': 3.5.31

  '@vue/language-core@3.2.6':
    dependencies:
      '@volar/language-core': 2.4.28
      '@vue/compiler-dom': 3.5.31
      '@vue/shared': 3.5.31
      alien-signals: 3.1.2
      muggle-string: 0.4.1
      path-browserify: 1.0.1
      picomatch: 4.0.4

  '@vue/shared@3.5.31': {}

  alien-signals@3.1.2: {}

  entities@7.0.1: {}

  estree-walker@2.0.2: {}

  muggle-string@0.4.1: {}

  path-browserify@1.0.1: {}

  picomatch@4.0.4: {}

  source-map-js@1.2.1: {}

  typescript@6.0.2: {}

  vscode-uri@3.1.0: {}

  vue-tsc@3.2.6(typescript@6.0.2):
    dependencies:
      '@volar/typescript': 2.4.28
      '@vue/language-core': 3.2.6
      typescript: 6.0.2
